// !$*UTF8*$!
{
	archiveVersion = 1;
	classes = {
	};
	objectVersion = 52;
	objects = {

/* Begin PBXBuildFile section */
		C824664D25D4769C00D3B8E5 /* AppDelegate.swift in Sources */ = {isa = PBXBuildFile; fileRef = C824664C25D4769C00D3B8E5 /* AppDelegate.swift */; };
		C824664F25D4769C00D3B8E5 /* SceneDelegate.swift in Sources */ = {isa = PBXBuildFile; fileRef = C824664E25D4769C00D3B8E5 /* SceneDelegate.swift */; };
		C824665125D4769C00D3B8E5 /* MainViewController.swift in Sources */ = {isa = PBXBuildFile; fileRef = C824665025D4769C00D3B8E5 /* MainViewController.swift */; };
		C824665625D4769F00D3B8E5 /* Assets.xcassets in Resources */ = {isa = PBXBuildFile; fileRef = C824665525D4769F00D3B8E5 /* Assets.xcassets */; };
		C824665925D4769F00D3B8E5 /* LaunchScreen.storyboard in Resources */ = {isa = PBXBuildFile; fileRef = C824665725D4769F00D3B8E5 /* LaunchScreen.storyboard */; };
		C824666F25D476A000D3B8E5 /* GBShopUITests.swift in Sources */ = {isa = PBXBuildFile; fileRef = C824666E25D476A000D3B8E5 /* GBShopUITests.swift */; };
		C8267EB125F7502900F2C8FE /* Localizable.strings in Resources */ = {isa = PBXBuildFile; fileRef = C8267EB325F7502900F2C8FE /* Localizable.strings */; };
		C8267EBA25F7601C00F2C8FE /* InfoPlist.strings in Resources */ = {isa = PBXBuildFile; fileRef = C8267EB825F7601C00F2C8FE /* InfoPlist.strings */; };
		C8267ECD25F868F500F2C8FE /* UserView.swift in Sources */ = {isa = PBXBuildFile; fileRef = C8267ECC25F868F500F2C8FE /* UserView.swift */; };
		C8267ED425F887E300F2C8FE /* UIColor+Extensions.swift in Sources */ = {isa = PBXBuildFile; fileRef = C8267ED325F887E300F2C8FE /* UIColor+Extensions.swift */; };
		C8267ED925F8880300F2C8FE /* UIFont+Extensions.swift in Sources */ = {isa = PBXBuildFile; fileRef = C8267ED825F8880300F2C8FE /* UIFont+Extensions.swift */; };
		C8267EDF25F90B6F00F2C8FE /* SignUpViewController.swift in Sources */ = {isa = PBXBuildFile; fileRef = C8267EDE25F90B6F00F2C8FE /* SignUpViewController.swift */; };
		C8267EE425F93C0E00F2C8FE /* SignUpView.swift in Sources */ = {isa = PBXBuildFile; fileRef = C8267EE325F93C0E00F2C8FE /* SignUpView.swift */; };
		C8267F0225FB529900F2C8FE /* AlertShowable+Extension.swift in Sources */ = {isa = PBXBuildFile; fileRef = C8267F0125FB529900F2C8FE /* AlertShowable+Extension.swift */; };
		C83355A925DB275F00205932 /* Alamofire in Frameworks */ = {isa = PBXBuildFile; productRef = C83355A825DB275F00205932 /* Alamofire */; };
		C83355B525DCB08E00205932 /* AuthRequestFactory.swift in Sources */ = {isa = PBXBuildFile; fileRef = C83355B425DCB08E00205932 /* AuthRequestFactory.swift */; };
		C83355BA25DCB24100205932 /* SignInResult.swift in Sources */ = {isa = PBXBuildFile; fileRef = C83355B925DCB24100205932 /* SignInResult.swift */; };
		C83355BF25DCB61600205932 /* ResponseCodable.swift in Sources */ = {isa = PBXBuildFile; fileRef = C83355BE25DCB61600205932 /* ResponseCodable.swift */; };
		C83355C425DCB91300205932 /* Auth.swift in Sources */ = {isa = PBXBuildFile; fileRef = C83355C325DCB91300205932 /* Auth.swift */; };
		C83355C925DCC4F000205932 /* RequestRouter.swift in Sources */ = {isa = PBXBuildFile; fileRef = C83355C825DCC4F000205932 /* RequestRouter.swift */; };
		C83355CE25DCC8FE00205932 /* RequestFactory.swift in Sources */ = {isa = PBXBuildFile; fileRef = C83355CD25DCC8FE00205932 /* RequestFactory.swift */; };
		C83355D325DCCA5100205932 /* AbstractErrorParser.swift in Sources */ = {isa = PBXBuildFile; fileRef = C83355D225DCCA5100205932 /* AbstractErrorParser.swift */; };
		C83355D825DCCB2100205932 /* ErrorParser.swift in Sources */ = {isa = PBXBuildFile; fileRef = C83355D725DCCB2100205932 /* ErrorParser.swift */; };
		C83355DD25DCCBCF00205932 /* AbstractRequestFactory.swift in Sources */ = {isa = PBXBuildFile; fileRef = C83355DC25DCCBCE00205932 /* AbstractRequestFactory.swift */; };
		C83355E225DCCCB500205932 /* User.swift in Sources */ = {isa = PBXBuildFile; fileRef = C83355E125DCCCB500205932 /* User.swift */; };
		C83355F425DE462A00205932 /* SignUpRequestFactory.swift in Sources */ = {isa = PBXBuildFile; fileRef = C83355F325DE462A00205932 /* SignUpRequestFactory.swift */; };
		C83355FC25DE466F00205932 /* SignUp.swift in Sources */ = {isa = PBXBuildFile; fileRef = C83355FB25DE466F00205932 /* SignUp.swift */; };
		C833560F25DE761800205932 /* SignUpResult.swift in Sources */ = {isa = PBXBuildFile; fileRef = C833560E25DE761800205932 /* SignUpResult.swift */; };
		C833561C25DEAA4D00205932 /* LogoutResult.swift in Sources */ = {isa = PBXBuildFile; fileRef = C833561B25DEAA4D00205932 /* LogoutResult.swift */; };
		C833562125DEAA8C00205932 /* ChangeUserDataResult.swift in Sources */ = {isa = PBXBuildFile; fileRef = C833562025DEAA8C00205932 /* ChangeUserDataResult.swift */; };
		C833562C25DEADF200205932 /* LogoutRequestFactory.swift in Sources */ = {isa = PBXBuildFile; fileRef = C833562B25DEADF200205932 /* LogoutRequestFactory.swift */; };
		C833563125DEAE1C00205932 /* ChangeUserDataRequestFactory.swift in Sources */ = {isa = PBXBuildFile; fileRef = C833563025DEAE1C00205932 /* ChangeUserDataRequestFactory.swift */; };
		C833563625DEC44100205932 /* ChangeUserData.swift in Sources */ = {isa = PBXBuildFile; fileRef = C833563525DEC44100205932 /* ChangeUserData.swift */; };
		C833563B25DEC45800205932 /* Logout.swift in Sources */ = {isa = PBXBuildFile; fileRef = C833563A25DEC45800205932 /* Logout.swift */; };
		C833566725E17CE400205932 /* RequestFactoryTests.swift in Sources */ = {isa = PBXBuildFile; fileRef = C833566625E17CE400205932 /* RequestFactoryTests.swift */; };
		C833566F25E2161000205932 /* AuthTests.swift in Sources */ = {isa = PBXBuildFile; fileRef = C833566E25E2161000205932 /* AuthTests.swift */; };
		C833567725E2169700205932 /* SignUpTests.swift in Sources */ = {isa = PBXBuildFile; fileRef = C833567625E2169700205932 /* SignUpTests.swift */; };
		C833567C25E216D000205932 /* ChangeUserDataTests.swift in Sources */ = {isa = PBXBuildFile; fileRef = C833567B25E216D000205932 /* ChangeUserDataTests.swift */; };
		C833568125E2170200205932 /* LogoutTests.swift in Sources */ = {isa = PBXBuildFile; fileRef = C833568025E2170200205932 /* LogoutTests.swift */; };
		C833568C25E2825A00205932 /* CatalogDataResult.swift in Sources */ = {isa = PBXBuildFile; fileRef = C833568B25E2825A00205932 /* CatalogDataResult.swift */; };
		C833569125E28E1200205932 /* GetGoodByIdResult.swift in Sources */ = {isa = PBXBuildFile; fileRef = C833569025E28E1200205932 /* GetGoodByIdResult.swift */; };
		C833569825E2956900205932 /* GetGoodById.swift in Sources */ = {isa = PBXBuildFile; fileRef = C833569725E2956900205932 /* GetGoodById.swift */; };
		C833569D25E295DE00205932 /* CatalogData.swift in Sources */ = {isa = PBXBuildFile; fileRef = C833569C25E295DE00205932 /* CatalogData.swift */; };
		C83356A225E2962D00205932 /* CatalogDataRequestFactory.swift in Sources */ = {isa = PBXBuildFile; fileRef = C83356A125E2962D00205932 /* CatalogDataRequestFactory.swift */; };
		C83356A725E2967000205932 /* GetGoodByIdRequestFactory.swift in Sources */ = {isa = PBXBuildFile; fileRef = C83356A625E2967000205932 /* GetGoodByIdRequestFactory.swift */; };
		C83356AF25E2CE5E00205932 /* CatalogDataTests.swift in Sources */ = {isa = PBXBuildFile; fileRef = C83356AE25E2CE5E00205932 /* CatalogDataTests.swift */; };
		C83356B425E2CE8D00205932 /* GetGoodByIdTests.swift in Sources */ = {isa = PBXBuildFile; fileRef = C83356B325E2CE8D00205932 /* GetGoodByIdTests.swift */; };
		C84A4A2825F533B800DAD5AE /* SearchViewController.swift in Sources */ = {isa = PBXBuildFile; fileRef = C84A4A2725F533B800DAD5AE /* SearchViewController.swift */; };
		C84A4A2D25F536BB00DAD5AE /* CartViewController.swift in Sources */ = {isa = PBXBuildFile; fileRef = C84A4A2C25F536BB00DAD5AE /* CartViewController.swift */; };
		C84A4A3225F53B7800DAD5AE /* UserViewController.swift in Sources */ = {isa = PBXBuildFile; fileRef = C84A4A3125F53B7800DAD5AE /* UserViewController.swift */; };
		C8B39B6925EC148900AE3F99 /* AddReviewTest.swift in Sources */ = {isa = PBXBuildFile; fileRef = C8B39B6825EC148900AE3F99 /* AddReviewTest.swift */; };
		C8B39B6E25EC14AC00AE3F99 /* RemoveReviewTest.swift in Sources */ = {isa = PBXBuildFile; fileRef = C8B39B6D25EC14AC00AE3F99 /* RemoveReviewTest.swift */; };
		C8B39B7325EC14CC00AE3F99 /* ReviewListTest.swift in Sources */ = {isa = PBXBuildFile; fileRef = C8B39B7225EC14CC00AE3F99 /* ReviewListTest.swift */; };
		C8BB1C4E25F67A3F0000E8E6 /* ReviewViewController.swift in Sources */ = {isa = PBXBuildFile; fileRef = C8BB1C4D25F67A3F0000E8E6 /* ReviewViewController.swift */; };
		C8CC19D125EAB65E006F375C /* .swiftlint.yml in Resources */ = {isa = PBXBuildFile; fileRef = C8CC19D025EAB65E006F375C /* .swiftlint.yml */; };
		C8CC19DF25EB8EB3006F375C /* AddReviewResult.swift in Sources */ = {isa = PBXBuildFile; fileRef = C8CC19DE25EB8EB3006F375C /* AddReviewResult.swift */; };
		C8CC19E425EB8EE7006F375C /* RemoveReviewResult.swift in Sources */ = {isa = PBXBuildFile; fileRef = C8CC19E325EB8EE7006F375C /* RemoveReviewResult.swift */; };
		C8CC19E925EB907B006F375C /* ReviewListResult.swift in Sources */ = {isa = PBXBuildFile; fileRef = C8CC19E825EB907B006F375C /* ReviewListResult.swift */; };
		C8CC19F425EB98E1006F375C /* ReviewList.swift in Sources */ = {isa = PBXBuildFile; fileRef = C8CC19F325EB98E1006F375C /* ReviewList.swift */; };
		C8CC19F925EB990C006F375C /* ReviewListRequestFactory.swift in Sources */ = {isa = PBXBuildFile; fileRef = C8CC19F825EB990C006F375C /* ReviewListRequestFactory.swift */; };
		C8CC19FE25EB995A006F375C /* RemoveReview.swift in Sources */ = {isa = PBXBuildFile; fileRef = C8CC19FD25EB995A006F375C /* RemoveReview.swift */; };
		C8CC1A0325EB9979006F375C /* RemoveReviewRequestFactory.swift in Sources */ = {isa = PBXBuildFile; fileRef = C8CC1A0225EB9979006F375C /* RemoveReviewRequestFactory.swift */; };
		C8CC1A0825EB99A0006F375C /* AddReview.swift in Sources */ = {isa = PBXBuildFile; fileRef = C8CC1A0725EB99A0006F375C /* AddReview.swift */; };
		C8CC1A1025EB99BB006F375C /* AddReviewRequestFactory.swift in Sources */ = {isa = PBXBuildFile; fileRef = C8CC1A0F25EB99BB006F375C /* AddReviewRequestFactory.swift */; };
		C8D3D86E25F4D70E00AE6896 /* TabBarController.swift in Sources */ = {isa = PBXBuildFile; fileRef = C8D3D86D25F4D70E00AE6896 /* TabBarController.swift */; };
		C8F51D3B25EFFEA900D83AFE /* AddToBasketResult.swift in Sources */ = {isa = PBXBuildFile; fileRef = C8F51D3A25EFFEA900D83AFE /* AddToBasketResult.swift */; };
		C8F51D4025EFFEE200D83AFE /* DeleteFromBasketResult.swift in Sources */ = {isa = PBXBuildFile; fileRef = C8F51D3F25EFFEE200D83AFE /* DeleteFromBasketResult.swift */; };
		C8F51D4525EFFF1500D83AFE /* PayBasketResult.swift in Sources */ = {isa = PBXBuildFile; fileRef = C8F51D4425EFFF1500D83AFE /* PayBasketResult.swift */; };
		C8F51D5625F000EA00D83AFE /* AddToBasketRequestFactory.swift in Sources */ = {isa = PBXBuildFile; fileRef = C8F51D5525F000EA00D83AFE /* AddToBasketRequestFactory.swift */; };
		C8F51D5E25F0011000D83AFE /* DeleteFromBasketRequestFactory.swift in Sources */ = {isa = PBXBuildFile; fileRef = C8F51D5D25F0011000D83AFE /* DeleteFromBasketRequestFactory.swift */; };
		C8F51D6325F0013300D83AFE /* PayBasketRequestFactory.swift in Sources */ = {isa = PBXBuildFile; fileRef = C8F51D6225F0013300D83AFE /* PayBasketRequestFactory.swift */; };
		C8F51D6825F0015100D83AFE /* AddToBasket.swift in Sources */ = {isa = PBXBuildFile; fileRef = C8F51D6725F0015100D83AFE /* AddToBasket.swift */; };
		C8F51D6D25F0016C00D83AFE /* DeleteFromBasket.swift in Sources */ = {isa = PBXBuildFile; fileRef = C8F51D6C25F0016C00D83AFE /* DeleteFromBasket.swift */; };
		C8F51D7225F0018300D83AFE /* PayBasket.swift in Sources */ = {isa = PBXBuildFile; fileRef = C8F51D7125F0018300D83AFE /* PayBasket.swift */; };
		C8F51DE825F0C8D800D83AFE /* AddToBasketTest.swift in Sources */ = {isa = PBXBuildFile; fileRef = C8F51DE725F0C8D800D83AFE /* AddToBasketTest.swift */; };
		C8F51DED25F0C90C00D83AFE /* DeleteFromBasketTest.swift in Sources */ = {isa = PBXBuildFile; fileRef = C8F51DEC25F0C90C00D83AFE /* DeleteFromBasketTest.swift */; };
		C8F51DF225F0C92A00D83AFE /* PayBasketTest.swift in Sources */ = {isa = PBXBuildFile; fileRef = C8F51DF125F0C92A00D83AFE /* PayBasketTest.swift */; };
/* End PBXBuildFile section */

/* Begin PBXContainerItemProxy section */
		C824666025D476A000D3B8E5 /* PBXContainerItemProxy */ = {
			isa = PBXContainerItemProxy;
			containerPortal = C824664125D4769C00D3B8E5 /* Project object */;
			proxyType = 1;
			remoteGlobalIDString = C824664825D4769C00D3B8E5;
			remoteInfo = GBShop;
		};
		C824666B25D476A000D3B8E5 /* PBXContainerItemProxy */ = {
			isa = PBXContainerItemProxy;
			containerPortal = C824664125D4769C00D3B8E5 /* Project object */;
			proxyType = 1;
			remoteGlobalIDString = C824664825D4769C00D3B8E5;
			remoteInfo = GBShop;
		};
/* End PBXContainerItemProxy section */

/* Begin PBXFileReference section */
		C824664925D4769C00D3B8E5 /* GBShop.app */ = {isa = PBXFileReference; explicitFileType = wrapper.application; includeInIndex = 0; path = GBShop.app; sourceTree = BUILT_PRODUCTS_DIR; };
		C824664C25D4769C00D3B8E5 /* AppDelegate.swift */ = {isa = PBXFileReference; lastKnownFileType = sourcecode.swift; path = AppDelegate.swift; sourceTree = "<group>"; };
		C824664E25D4769C00D3B8E5 /* SceneDelegate.swift */ = {isa = PBXFileReference; lastKnownFileType = sourcecode.swift; path = SceneDelegate.swift; sourceTree = "<group>"; };
		C824665025D4769C00D3B8E5 /* MainViewController.swift */ = {isa = PBXFileReference; lastKnownFileType = sourcecode.swift; path = MainViewController.swift; sourceTree = "<group>"; };
		C824665525D4769F00D3B8E5 /* Assets.xcassets */ = {isa = PBXFileReference; lastKnownFileType = folder.assetcatalog; path = Assets.xcassets; sourceTree = "<group>"; };
		C824665825D4769F00D3B8E5 /* Base */ = {isa = PBXFileReference; lastKnownFileType = file.storyboard; name = Base; path = Base.lproj/LaunchScreen.storyboard; sourceTree = "<group>"; };
		C824665A25D4769F00D3B8E5 /* Info.plist */ = {isa = PBXFileReference; lastKnownFileType = text.plist.xml; path = Info.plist; sourceTree = "<group>"; };
		C824665F25D476A000D3B8E5 /* GBShopTests.xctest */ = {isa = PBXFileReference; explicitFileType = wrapper.cfbundle; includeInIndex = 0; path = GBShopTests.xctest; sourceTree = BUILT_PRODUCTS_DIR; };
		C824666525D476A000D3B8E5 /* Info.plist */ = {isa = PBXFileReference; lastKnownFileType = text.plist.xml; path = Info.plist; sourceTree = "<group>"; };
		C824666A25D476A000D3B8E5 /* GBShopUITests.xctest */ = {isa = PBXFileReference; explicitFileType = wrapper.cfbundle; includeInIndex = 0; path = GBShopUITests.xctest; sourceTree = BUILT_PRODUCTS_DIR; };
		C824666E25D476A000D3B8E5 /* GBShopUITests.swift */ = {isa = PBXFileReference; lastKnownFileType = sourcecode.swift; path = GBShopUITests.swift; sourceTree = "<group>"; };
		C824667025D476A000D3B8E5 /* Info.plist */ = {isa = PBXFileReference; lastKnownFileType = text.plist.xml; path = Info.plist; sourceTree = "<group>"; };
		C8267EA825F74FA400F2C8FE /* ru */ = {isa = PBXFileReference; lastKnownFileType = text.plist.strings; name = ru; path = ru.lproj/LaunchScreen.strings; sourceTree = "<group>"; };
		C8267EB225F7502900F2C8FE /* en */ = {isa = PBXFileReference; lastKnownFileType = text.plist.strings; name = en; path = en.lproj/Localizable.strings; sourceTree = "<group>"; };
		C8267EB425F7502F00F2C8FE /* ru */ = {isa = PBXFileReference; lastKnownFileType = text.plist.strings; name = ru; path = ru.lproj/Localizable.strings; sourceTree = "<group>"; };
		C8267EB925F7601C00F2C8FE /* Base */ = {isa = PBXFileReference; lastKnownFileType = text.plist.strings; name = Base; path = Base.lproj/InfoPlist.strings; sourceTree = "<group>"; };
		C8267EBE25F7602A00F2C8FE /* en */ = {isa = PBXFileReference; lastKnownFileType = text.plist.strings; name = en; path = en.lproj/InfoPlist.strings; sourceTree = "<group>"; };
		C8267EBF25F7602C00F2C8FE /* ru */ = {isa = PBXFileReference; lastKnownFileType = text.plist.strings; name = ru; path = ru.lproj/InfoPlist.strings; sourceTree = "<group>"; };
		C8267ECC25F868F500F2C8FE /* UserView.swift */ = {isa = PBXFileReference; lastKnownFileType = sourcecode.swift; path = UserView.swift; sourceTree = "<group>"; };
		C8267ED325F887E300F2C8FE /* UIColor+Extensions.swift */ = {isa = PBXFileReference; lastKnownFileType = sourcecode.swift; path = "UIColor+Extensions.swift"; sourceTree = "<group>"; };
		C8267ED825F8880300F2C8FE /* UIFont+Extensions.swift */ = {isa = PBXFileReference; lastKnownFileType = sourcecode.swift; path = "UIFont+Extensions.swift"; sourceTree = "<group>"; };
		C8267EDE25F90B6F00F2C8FE /* SignUpViewController.swift */ = {isa = PBXFileReference; lastKnownFileType = sourcecode.swift; path = SignUpViewController.swift; sourceTree = "<group>"; };
		C8267EE325F93C0E00F2C8FE /* SignUpView.swift */ = {isa = PBXFileReference; lastKnownFileType = sourcecode.swift; path = SignUpView.swift; sourceTree = "<group>"; };
		C8267F0125FB529900F2C8FE /* AlertShowable+Extension.swift */ = {isa = PBXFileReference; lastKnownFileType = sourcecode.swift; path = "AlertShowable+Extension.swift"; sourceTree = "<group>"; };
		C83355B425DCB08E00205932 /* AuthRequestFactory.swift */ = {isa = PBXFileReference; lastKnownFileType = sourcecode.swift; path = AuthRequestFactory.swift; sourceTree = "<group>"; };
		C83355B925DCB24100205932 /* SignInResult.swift */ = {isa = PBXFileReference; lastKnownFileType = sourcecode.swift; path = SignInResult.swift; sourceTree = "<group>"; };
		C83355BE25DCB61600205932 /* ResponseCodable.swift */ = {isa = PBXFileReference; lastKnownFileType = sourcecode.swift; path = ResponseCodable.swift; sourceTree = "<group>"; };
		C83355C325DCB91300205932 /* Auth.swift */ = {isa = PBXFileReference; lastKnownFileType = sourcecode.swift; path = Auth.swift; sourceTree = "<group>"; };
		C83355C825DCC4F000205932 /* RequestRouter.swift */ = {isa = PBXFileReference; lastKnownFileType = sourcecode.swift; path = RequestRouter.swift; sourceTree = "<group>"; };
		C83355CD25DCC8FE00205932 /* RequestFactory.swift */ = {isa = PBXFileReference; lastKnownFileType = sourcecode.swift; path = RequestFactory.swift; sourceTree = "<group>"; };
		C83355D225DCCA5100205932 /* AbstractErrorParser.swift */ = {isa = PBXFileReference; lastKnownFileType = sourcecode.swift; path = AbstractErrorParser.swift; sourceTree = "<group>"; };
		C83355D725DCCB2100205932 /* ErrorParser.swift */ = {isa = PBXFileReference; lastKnownFileType = sourcecode.swift; path = ErrorParser.swift; sourceTree = "<group>"; };
		C83355DC25DCCBCE00205932 /* AbstractRequestFactory.swift */ = {isa = PBXFileReference; lastKnownFileType = sourcecode.swift; path = AbstractRequestFactory.swift; sourceTree = "<group>"; };
		C83355E125DCCCB500205932 /* User.swift */ = {isa = PBXFileReference; lastKnownFileType = sourcecode.swift; path = User.swift; sourceTree = "<group>"; };
		C83355F325DE462A00205932 /* SignUpRequestFactory.swift */ = {isa = PBXFileReference; lastKnownFileType = sourcecode.swift; path = SignUpRequestFactory.swift; sourceTree = "<group>"; };
		C83355FB25DE466F00205932 /* SignUp.swift */ = {isa = PBXFileReference; lastKnownFileType = sourcecode.swift; path = SignUp.swift; sourceTree = "<group>"; };
		C833560E25DE761800205932 /* SignUpResult.swift */ = {isa = PBXFileReference; lastKnownFileType = sourcecode.swift; path = SignUpResult.swift; sourceTree = "<group>"; };
		C833561B25DEAA4D00205932 /* LogoutResult.swift */ = {isa = PBXFileReference; lastKnownFileType = sourcecode.swift; path = LogoutResult.swift; sourceTree = "<group>"; };
		C833562025DEAA8C00205932 /* ChangeUserDataResult.swift */ = {isa = PBXFileReference; lastKnownFileType = sourcecode.swift; path = ChangeUserDataResult.swift; sourceTree = "<group>"; };
		C833562B25DEADF200205932 /* LogoutRequestFactory.swift */ = {isa = PBXFileReference; lastKnownFileType = sourcecode.swift; path = LogoutRequestFactory.swift; sourceTree = "<group>"; };
		C833563025DEAE1C00205932 /* ChangeUserDataRequestFactory.swift */ = {isa = PBXFileReference; lastKnownFileType = sourcecode.swift; path = ChangeUserDataRequestFactory.swift; sourceTree = "<group>"; };
		C833563525DEC44100205932 /* ChangeUserData.swift */ = {isa = PBXFileReference; lastKnownFileType = sourcecode.swift; path = ChangeUserData.swift; sourceTree = "<group>"; };
		C833563A25DEC45800205932 /* Logout.swift */ = {isa = PBXFileReference; lastKnownFileType = sourcecode.swift; path = Logout.swift; sourceTree = "<group>"; };
		C833566625E17CE400205932 /* RequestFactoryTests.swift */ = {isa = PBXFileReference; lastKnownFileType = sourcecode.swift; path = RequestFactoryTests.swift; sourceTree = "<group>"; };
		C833566E25E2161000205932 /* AuthTests.swift */ = {isa = PBXFileReference; lastKnownFileType = sourcecode.swift; path = AuthTests.swift; sourceTree = "<group>"; };
		C833567625E2169700205932 /* SignUpTests.swift */ = {isa = PBXFileReference; lastKnownFileType = sourcecode.swift; path = SignUpTests.swift; sourceTree = "<group>"; };
		C833567B25E216D000205932 /* ChangeUserDataTests.swift */ = {isa = PBXFileReference; lastKnownFileType = sourcecode.swift; path = ChangeUserDataTests.swift; sourceTree = "<group>"; };
		C833568025E2170200205932 /* LogoutTests.swift */ = {isa = PBXFileReference; lastKnownFileType = sourcecode.swift; path = LogoutTests.swift; sourceTree = "<group>"; };
		C833568B25E2825A00205932 /* CatalogDataResult.swift */ = {isa = PBXFileReference; lastKnownFileType = sourcecode.swift; path = CatalogDataResult.swift; sourceTree = "<group>"; };
		C833569025E28E1200205932 /* GetGoodByIdResult.swift */ = {isa = PBXFileReference; lastKnownFileType = sourcecode.swift; path = GetGoodByIdResult.swift; sourceTree = "<group>"; };
		C833569725E2956900205932 /* GetGoodById.swift */ = {isa = PBXFileReference; lastKnownFileType = sourcecode.swift; path = GetGoodById.swift; sourceTree = "<group>"; };
		C833569C25E295DE00205932 /* CatalogData.swift */ = {isa = PBXFileReference; lastKnownFileType = sourcecode.swift; path = CatalogData.swift; sourceTree = "<group>"; };
		C83356A125E2962D00205932 /* CatalogDataRequestFactory.swift */ = {isa = PBXFileReference; lastKnownFileType = sourcecode.swift; path = CatalogDataRequestFactory.swift; sourceTree = "<group>"; };
		C83356A625E2967000205932 /* GetGoodByIdRequestFactory.swift */ = {isa = PBXFileReference; lastKnownFileType = sourcecode.swift; path = GetGoodByIdRequestFactory.swift; sourceTree = "<group>"; };
		C83356AE25E2CE5E00205932 /* CatalogDataTests.swift */ = {isa = PBXFileReference; lastKnownFileType = sourcecode.swift; path = CatalogDataTests.swift; sourceTree = "<group>"; };
		C83356B325E2CE8D00205932 /* GetGoodByIdTests.swift */ = {isa = PBXFileReference; lastKnownFileType = sourcecode.swift; path = GetGoodByIdTests.swift; sourceTree = "<group>"; };
		C84A4A2725F533B800DAD5AE /* SearchViewController.swift */ = {isa = PBXFileReference; lastKnownFileType = sourcecode.swift; path = SearchViewController.swift; sourceTree = "<group>"; };
		C84A4A2C25F536BB00DAD5AE /* CartViewController.swift */ = {isa = PBXFileReference; lastKnownFileType = sourcecode.swift; path = CartViewController.swift; sourceTree = "<group>"; };
		C84A4A3125F53B7800DAD5AE /* UserViewController.swift */ = {isa = PBXFileReference; lastKnownFileType = sourcecode.swift; path = UserViewController.swift; sourceTree = "<group>"; };
		C8B39B6825EC148900AE3F99 /* AddReviewTest.swift */ = {isa = PBXFileReference; lastKnownFileType = sourcecode.swift; path = AddReviewTest.swift; sourceTree = "<group>"; };
		C8B39B6D25EC14AC00AE3F99 /* RemoveReviewTest.swift */ = {isa = PBXFileReference; lastKnownFileType = sourcecode.swift; path = RemoveReviewTest.swift; sourceTree = "<group>"; };
		C8B39B7225EC14CC00AE3F99 /* ReviewListTest.swift */ = {isa = PBXFileReference; lastKnownFileType = sourcecode.swift; path = ReviewListTest.swift; sourceTree = "<group>"; };
		C8BB1C4D25F67A3F0000E8E6 /* ReviewViewController.swift */ = {isa = PBXFileReference; lastKnownFileType = sourcecode.swift; path = ReviewViewController.swift; sourceTree = "<group>"; };
		C8CC19D025EAB65E006F375C /* .swiftlint.yml */ = {isa = PBXFileReference; lastKnownFileType = text.yaml; path = .swiftlint.yml; sourceTree = "<group>"; };
		C8CC19DE25EB8EB3006F375C /* AddReviewResult.swift */ = {isa = PBXFileReference; lastKnownFileType = sourcecode.swift; path = AddReviewResult.swift; sourceTree = "<group>"; };
		C8CC19E325EB8EE7006F375C /* RemoveReviewResult.swift */ = {isa = PBXFileReference; lastKnownFileType = sourcecode.swift; path = RemoveReviewResult.swift; sourceTree = "<group>"; };
		C8CC19E825EB907B006F375C /* ReviewListResult.swift */ = {isa = PBXFileReference; lastKnownFileType = sourcecode.swift; path = ReviewListResult.swift; sourceTree = "<group>"; };
		C8CC19F325EB98E1006F375C /* ReviewList.swift */ = {isa = PBXFileReference; lastKnownFileType = sourcecode.swift; path = ReviewList.swift; sourceTree = "<group>"; };
		C8CC19F825EB990C006F375C /* ReviewListRequestFactory.swift */ = {isa = PBXFileReference; lastKnownFileType = sourcecode.swift; path = ReviewListRequestFactory.swift; sourceTree = "<group>"; };
		C8CC19FD25EB995A006F375C /* RemoveReview.swift */ = {isa = PBXFileReference; lastKnownFileType = sourcecode.swift; path = RemoveReview.swift; sourceTree = "<group>"; };
		C8CC1A0225EB9979006F375C /* RemoveReviewRequestFactory.swift */ = {isa = PBXFileReference; lastKnownFileType = sourcecode.swift; path = RemoveReviewRequestFactory.swift; sourceTree = "<group>"; };
		C8CC1A0725EB99A0006F375C /* AddReview.swift */ = {isa = PBXFileReference; lastKnownFileType = sourcecode.swift; path = AddReview.swift; sourceTree = "<group>"; };
		C8CC1A0F25EB99BB006F375C /* AddReviewRequestFactory.swift */ = {isa = PBXFileReference; lastKnownFileType = sourcecode.swift; path = AddReviewRequestFactory.swift; sourceTree = "<group>"; };
		C8D3D86D25F4D70E00AE6896 /* TabBarController.swift */ = {isa = PBXFileReference; lastKnownFileType = sourcecode.swift; path = TabBarController.swift; sourceTree = "<group>"; };
		C8F51D3A25EFFEA900D83AFE /* AddToBasketResult.swift */ = {isa = PBXFileReference; lastKnownFileType = sourcecode.swift; path = AddToBasketResult.swift; sourceTree = "<group>"; };
		C8F51D3F25EFFEE200D83AFE /* DeleteFromBasketResult.swift */ = {isa = PBXFileReference; lastKnownFileType = sourcecode.swift; path = DeleteFromBasketResult.swift; sourceTree = "<group>"; };
		C8F51D4425EFFF1500D83AFE /* PayBasketResult.swift */ = {isa = PBXFileReference; lastKnownFileType = sourcecode.swift; path = PayBasketResult.swift; sourceTree = "<group>"; };
		C8F51D5525F000EA00D83AFE /* AddToBasketRequestFactory.swift */ = {isa = PBXFileReference; lastKnownFileType = sourcecode.swift; path = AddToBasketRequestFactory.swift; sourceTree = "<group>"; };
		C8F51D5D25F0011000D83AFE /* DeleteFromBasketRequestFactory.swift */ = {isa = PBXFileReference; lastKnownFileType = sourcecode.swift; path = DeleteFromBasketRequestFactory.swift; sourceTree = "<group>"; };
		C8F51D6225F0013300D83AFE /* PayBasketRequestFactory.swift */ = {isa = PBXFileReference; lastKnownFileType = sourcecode.swift; path = PayBasketRequestFactory.swift; sourceTree = "<group>"; };
		C8F51D6725F0015100D83AFE /* AddToBasket.swift */ = {isa = PBXFileReference; lastKnownFileType = sourcecode.swift; path = AddToBasket.swift; sourceTree = "<group>"; };
		C8F51D6C25F0016C00D83AFE /* DeleteFromBasket.swift */ = {isa = PBXFileReference; lastKnownFileType = sourcecode.swift; name = DeleteFromBasket.swift; path = GBShop/App/BusinessLogic/Network/AddToBasket/DeleteFromBasket.swift; sourceTree = SOURCE_ROOT; };
		C8F51D7125F0018300D83AFE /* PayBasket.swift */ = {isa = PBXFileReference; lastKnownFileType = sourcecode.swift; path = PayBasket.swift; sourceTree = "<group>"; };
		C8F51DE725F0C8D800D83AFE /* AddToBasketTest.swift */ = {isa = PBXFileReference; lastKnownFileType = sourcecode.swift; path = AddToBasketTest.swift; sourceTree = "<group>"; };
		C8F51DEC25F0C90C00D83AFE /* DeleteFromBasketTest.swift */ = {isa = PBXFileReference; lastKnownFileType = sourcecode.swift; path = DeleteFromBasketTest.swift; sourceTree = "<group>"; };
		C8F51DF125F0C92A00D83AFE /* PayBasketTest.swift */ = {isa = PBXFileReference; lastKnownFileType = sourcecode.swift; path = PayBasketTest.swift; sourceTree = "<group>"; };
/* End PBXFileReference section */

/* Begin PBXFrameworksBuildPhase section */
		C824664625D4769C00D3B8E5 /* Frameworks */ = {
			isa = PBXFrameworksBuildPhase;
			buildActionMask = 2147483647;
			files = (
				C83355A925DB275F00205932 /* Alamofire in Frameworks */,
			);
			runOnlyForDeploymentPostprocessing = 0;
		};
		C824665C25D476A000D3B8E5 /* Frameworks */ = {
			isa = PBXFrameworksBuildPhase;
			buildActionMask = 2147483647;
			files = (
			);
			runOnlyForDeploymentPostprocessing = 0;
		};
		C824666725D476A000D3B8E5 /* Frameworks */ = {
			isa = PBXFrameworksBuildPhase;
			buildActionMask = 2147483647;
			files = (
			);
			runOnlyForDeploymentPostprocessing = 0;
		};
/* End PBXFrameworksBuildPhase section */

/* Begin PBXGroup section */
		C824664025D4769C00D3B8E5 = {
			isa = PBXGroup;
			children = (
				C824664B25D4769C00D3B8E5 /* GBShop */,
				C824666225D476A000D3B8E5 /* GBShopTests */,
				C824666D25D476A000D3B8E5 /* GBShopUITests */,
				C824664A25D4769C00D3B8E5 /* Products */,
				C8CC19D025EAB65E006F375C /* .swiftlint.yml */,
			);
			sourceTree = "<group>";
		};
		C824664A25D4769C00D3B8E5 /* Products */ = {
			isa = PBXGroup;
			children = (
				C824664925D4769C00D3B8E5 /* GBShop.app */,
				C824665F25D476A000D3B8E5 /* GBShopTests.xctest */,
				C824666A25D476A000D3B8E5 /* GBShopUITests.xctest */,
			);
			name = Products;
			sourceTree = "<group>";
		};
		C824664B25D4769C00D3B8E5 /* GBShop */ = {
			isa = PBXGroup;
			children = (
				C8911FD525D51B6200F5E594 /* App */,
				C8911FDA25D51BFA00F5E594 /* Core */,
				C8911FDB25D51C0A00F5E594 /* Resources */,
				C8911FDC25D51CA100F5E594 /* Enviroments */,
			);
			path = GBShop;
			sourceTree = "<group>";
		};
		C824666225D476A000D3B8E5 /* GBShopTests */ = {
			isa = PBXGroup;
			children = (
				C833566625E17CE400205932 /* RequestFactoryTests.swift */,
				C83356AE25E2CE5E00205932 /* CatalogDataTests.swift */,
				C83356B325E2CE8D00205932 /* GetGoodByIdTests.swift */,
				C8F51DE725F0C8D800D83AFE /* AddToBasketTest.swift */,
				C8F51DEC25F0C90C00D83AFE /* DeleteFromBasketTest.swift */,
				C8F51DF125F0C92A00D83AFE /* PayBasketTest.swift */,
				C8B39B6825EC148900AE3F99 /* AddReviewTest.swift */,
				C8B39B6D25EC14AC00AE3F99 /* RemoveReviewTest.swift */,
				C8B39B7225EC14CC00AE3F99 /* ReviewListTest.swift */,
				C833566E25E2161000205932 /* AuthTests.swift */,
				C833568025E2170200205932 /* LogoutTests.swift */,
				C833567625E2169700205932 /* SignUpTests.swift */,
				C833567B25E216D000205932 /* ChangeUserDataTests.swift */,
				C824666525D476A000D3B8E5 /* Info.plist */,
			);
			path = GBShopTests;
			sourceTree = "<group>";
		};
		C824666D25D476A000D3B8E5 /* GBShopUITests */ = {
			isa = PBXGroup;
			children = (
				C824666E25D476A000D3B8E5 /* GBShopUITests.swift */,
				C824667025D476A000D3B8E5 /* Info.plist */,
			);
			path = GBShopUITests;
			sourceTree = "<group>";
		};
		C8267EA725F74F3000F2C8FE /* Localizations */ = {
			isa = PBXGroup;
			children = (
				C8267EB325F7502900F2C8FE /* Localizable.strings */,
			);
			path = Localizations;
			sourceTree = "<group>";
		};
		C8267ECB25F8687000F2C8FE /* Views */ = {
			isa = PBXGroup;
			children = (
				C8267ECC25F868F500F2C8FE /* UserView.swift */,
				C8267EE325F93C0E00F2C8FE /* SignUpView.swift */,
			);
			path = Views;
			sourceTree = "<group>";
		};
		C8267ED125F8873700F2C8FE /* Extensions */ = {
			isa = PBXGroup;
			children = (
				C8267ED225F8876F00F2C8FE /* FlyWeight */,
			);
			path = Extensions;
			sourceTree = "<group>";
		};
		C8267ED225F8876F00F2C8FE /* FlyWeight */ = {
			isa = PBXGroup;
			children = (
				C8267ED325F887E300F2C8FE /* UIColor+Extensions.swift */,
				C8267ED825F8880300F2C8FE /* UIFont+Extensions.swift */,
			);
			path = FlyWeight;
			sourceTree = "<group>";
		};
		C8267EDD25F90AC700F2C8FE /* MajorRootScreens */ = {
			isa = PBXGroup;
			children = (
				C824665025D4769C00D3B8E5 /* MainViewController.swift */,
				C84A4A2725F533B800DAD5AE /* SearchViewController.swift */,
				C84A4A2C25F536BB00DAD5AE /* CartViewController.swift */,
				C8BB1C4D25F67A3F0000E8E6 /* ReviewViewController.swift */,
				C84A4A3125F53B7800DAD5AE /* UserViewController.swift */,
			);
			path = MajorRootScreens;
			sourceTree = "<group>";
		};
		C8267EE825FA5B5200F2C8FE /* SuplimentaryScreens */ = {
			isa = PBXGroup;
			children = (
				C8267EDE25F90B6F00F2C8FE /* SignUpViewController.swift */,
			);
			path = SuplimentaryScreens;
			sourceTree = "<group>";
		};
		C8267F0925FB804400F2C8FE /* Protocols */ = {
			isa = PBXGroup;
			children = (
				C8267F0125FB529900F2C8FE /* AlertShowable+Extension.swift */,
			);
			path = Protocols;
			sourceTree = "<group>";
		};
		C83355B225DCAF4200205932 /* Network */ = {
			isa = PBXGroup;
			children = (
				C83355CD25DCC8FE00205932 /* RequestFactory.swift */,
				C833569525E294C900205932 /* CatalogData */,
				C833569625E294F400205932 /* GetGoodById */,
				C8F51D5225F0001F00D83AFE /* AddToBasket */,
				C8F51D5325F0004E00D83AFE /* DeleteFromBasket */,
				C8F51D5425F0006E00D83AFE /* PayBasket */,
				C8CC19ED25EB91BB006F375C /* AddReview */,
				C8CC19EF25EB91F3006F375C /* RemoveReview */,
				C8CC19EE25EB91D4006F375C /* ReviewList */,
				C83355F125DE44F600205932 /* Auth */,
				C833561625DEA93100205932 /* Logout */,
				C83355F225DE452A00205932 /* SignUp */,
				C833561725DEA95100205932 /* ChangeUserData */,
			);
			path = Network;
			sourceTree = "<group>";
		};
		C83355B325DCB01200205932 /* Network */ = {
			isa = PBXGroup;
			children = (
				C83355D225DCCA5100205932 /* AbstractErrorParser.swift */,
				C83355D725DCCB2100205932 /* ErrorParser.swift */,
				C83355BE25DCB61600205932 /* ResponseCodable.swift */,
				C83355DC25DCCBCE00205932 /* AbstractRequestFactory.swift */,
				C83355C825DCC4F000205932 /* RequestRouter.swift */,
			);
			path = Network;
			sourceTree = "<group>";
		};
		C83355F125DE44F600205932 /* Auth */ = {
			isa = PBXGroup;
			children = (
				C83355B425DCB08E00205932 /* AuthRequestFactory.swift */,
				C83355C325DCB91300205932 /* Auth.swift */,
			);
			path = Auth;
			sourceTree = "<group>";
		};
		C83355F225DE452A00205932 /* SignUp */ = {
			isa = PBXGroup;
			children = (
				C83355F325DE462A00205932 /* SignUpRequestFactory.swift */,
				C83355FB25DE466F00205932 /* SignUp.swift */,
			);
			path = SignUp;
			sourceTree = "<group>";
		};
		C833561625DEA93100205932 /* Logout */ = {
			isa = PBXGroup;
			children = (
				C833562B25DEADF200205932 /* LogoutRequestFactory.swift */,
				C833563A25DEC45800205932 /* Logout.swift */,
			);
			path = Logout;
			sourceTree = "<group>";
		};
		C833561725DEA95100205932 /* ChangeUserData */ = {
			isa = PBXGroup;
			children = (
				C833563025DEAE1C00205932 /* ChangeUserDataRequestFactory.swift */,
				C833563525DEC44100205932 /* ChangeUserData.swift */,
			);
			path = ChangeUserData;
			sourceTree = "<group>";
		};
		C833569525E294C900205932 /* CatalogData */ = {
			isa = PBXGroup;
			children = (
				C83356A125E2962D00205932 /* CatalogDataRequestFactory.swift */,
				C833569C25E295DE00205932 /* CatalogData.swift */,
			);
			path = CatalogData;
			sourceTree = "<group>";
		};
		C833569625E294F400205932 /* GetGoodById */ = {
			isa = PBXGroup;
			children = (
				C83356A625E2967000205932 /* GetGoodByIdRequestFactory.swift */,
				C833569725E2956900205932 /* GetGoodById.swift */,
			);
			path = GetGoodById;
			sourceTree = "<group>";
		};
		C8911FD525D51B6200F5E594 /* App */ = {
			isa = PBXGroup;
			children = (
				C824664C25D4769C00D3B8E5 /* AppDelegate.swift */,
				C824664E25D4769C00D3B8E5 /* SceneDelegate.swift */,
				C8911FD625D51B6C00F5E594 /* BusinessLogic */,
				C8911FD725D51B9700F5E594 /* Entity */,
				C8911FD825D51BB100F5E594 /* Assembly */,
				C8911FD925D51BD100F5E594 /* Flows */,
			);
			path = App;
			sourceTree = "<group>";
		};
		C8911FD625D51B6C00F5E594 /* BusinessLogic */ = {
			isa = PBXGroup;
			children = (
				C83355B225DCAF4200205932 /* Network */,
			);
			path = BusinessLogic;
			sourceTree = "<group>";
		};
		C8911FD725D51B9700F5E594 /* Entity */ = {
			isa = PBXGroup;
			children = (
				C833568B25E2825A00205932 /* CatalogDataResult.swift */,
				C833569025E28E1200205932 /* GetGoodByIdResult.swift */,
				C8F51D3A25EFFEA900D83AFE /* AddToBasketResult.swift */,
				C8F51D3F25EFFEE200D83AFE /* DeleteFromBasketResult.swift */,
				C8F51D4425EFFF1500D83AFE /* PayBasketResult.swift */,
				C8CC19DE25EB8EB3006F375C /* AddReviewResult.swift */,
				C8CC19E325EB8EE7006F375C /* RemoveReviewResult.swift */,
				C8CC19E825EB907B006F375C /* ReviewListResult.swift */,
				C83355B925DCB24100205932 /* SignInResult.swift */,
				C833561B25DEAA4D00205932 /* LogoutResult.swift */,
				C833560E25DE761800205932 /* SignUpResult.swift */,
				C833562025DEAA8C00205932 /* ChangeUserDataResult.swift */,
				C83355E125DCCCB500205932 /* User.swift */,
			);
			path = Entity;
			sourceTree = "<group>";
		};
		C8911FD825D51BB100F5E594 /* Assembly */ = {
			isa = PBXGroup;
			children = (
			);
			path = Assembly;
			sourceTree = "<group>";
		};
		C8911FD925D51BD100F5E594 /* Flows */ = {
			isa = PBXGroup;
			children = (
				C8D3D86C25F4D6AB00AE6896 /* Common */,
				C8D3D87625F50A2600AE6896 /* Screens */,
			);
			path = Flows;
			sourceTree = "<group>";
		};
		C8911FDA25D51BFA00F5E594 /* Core */ = {
			isa = PBXGroup;
			children = (
				C8267F0925FB804400F2C8FE /* Protocols */,
				C83355B325DCB01200205932 /* Network */,
				C8267ECB25F8687000F2C8FE /* Views */,
				C8267ED125F8873700F2C8FE /* Extensions */,
			);
			path = Core;
			sourceTree = "<group>";
		};
		C8911FDB25D51C0A00F5E594 /* Resources */ = {
			isa = PBXGroup;
			children = (
				C8911FDD25D51E1700F5E594 /* BaseLprojIsHere */,
				C8267EA725F74F3000F2C8FE /* Localizations */,
				C824665525D4769F00D3B8E5 /* Assets.xcassets */,
			);
			path = Resources;
			sourceTree = "<group>";
		};
		C8911FDC25D51CA100F5E594 /* Enviroments */ = {
			isa = PBXGroup;
			children = (
				C824665A25D4769F00D3B8E5 /* Info.plist */,
			);
			path = Enviroments;
			sourceTree = "<group>";
		};
		C8911FDD25D51E1700F5E594 /* BaseLprojIsHere */ = {
			isa = PBXGroup;
			children = (
				C824665725D4769F00D3B8E5 /* LaunchScreen.storyboard */,
				C8267EB825F7601C00F2C8FE /* InfoPlist.strings */,
			);
			path = BaseLprojIsHere;
			sourceTree = "<group>";
		};
		C8CC19ED25EB91BB006F375C /* AddReview */ = {
			isa = PBXGroup;
			children = (
				C8CC1A0F25EB99BB006F375C /* AddReviewRequestFactory.swift */,
				C8CC1A0725EB99A0006F375C /* AddReview.swift */,
			);
			path = AddReview;
			sourceTree = "<group>";
		};
		C8CC19EE25EB91D4006F375C /* ReviewList */ = {
			isa = PBXGroup;
			children = (
				C8CC19F825EB990C006F375C /* ReviewListRequestFactory.swift */,
				C8CC19F325EB98E1006F375C /* ReviewList.swift */,
			);
			path = ReviewList;
			sourceTree = "<group>";
		};
		C8CC19EF25EB91F3006F375C /* RemoveReview */ = {
			isa = PBXGroup;
			children = (
				C8CC1A0225EB9979006F375C /* RemoveReviewRequestFactory.swift */,
				C8CC19FD25EB995A006F375C /* RemoveReview.swift */,
			);
			path = RemoveReview;
			sourceTree = "<group>";
		};
		C8D3D86C25F4D6AB00AE6896 /* Common */ = {
			isa = PBXGroup;
			children = (
				C8D3D86D25F4D70E00AE6896 /* TabBarController.swift */,
			);
			path = Common;
			sourceTree = "<group>";
		};
		C8D3D87625F50A2600AE6896 /* Screens */ = {
			isa = PBXGroup;
			children = (
				C8267EDD25F90AC700F2C8FE /* MajorRootScreens */,
				C8267EE825FA5B5200F2C8FE /* SuplimentaryScreens */,
			);
			path = Screens;
			sourceTree = "<group>";
		};
		C8F51D5225F0001F00D83AFE /* AddToBasket */ = {
			isa = PBXGroup;
			children = (
				C8F51D5525F000EA00D83AFE /* AddToBasketRequestFactory.swift */,
				C8F51D6725F0015100D83AFE /* AddToBasket.swift */,
			);
			path = AddToBasket;
			sourceTree = "<group>";
		};
		C8F51D5325F0004E00D83AFE /* DeleteFromBasket */ = {
			isa = PBXGroup;
			children = (
				C8F51D5D25F0011000D83AFE /* DeleteFromBasketRequestFactory.swift */,
				C8F51D6C25F0016C00D83AFE /* DeleteFromBasket.swift */,
			);
			path = DeleteFromBasket;
			sourceTree = "<group>";
		};
		C8F51D5425F0006E00D83AFE /* PayBasket */ = {
			isa = PBXGroup;
			children = (
				C8F51D6225F0013300D83AFE /* PayBasketRequestFactory.swift */,
				C8F51D7125F0018300D83AFE /* PayBasket.swift */,
			);
			path = PayBasket;
			sourceTree = "<group>";
		};
/* End PBXGroup section */

/* Begin PBXNativeTarget section */
		C824664825D4769C00D3B8E5 /* GBShop */ = {
			isa = PBXNativeTarget;
			buildConfigurationList = C824667325D476A000D3B8E5 /* Build configuration list for PBXNativeTarget "GBShop" */;
			buildPhases = (
				C824664525D4769C00D3B8E5 /* Sources */,
				C824664625D4769C00D3B8E5 /* Frameworks */,
				C824664725D4769C00D3B8E5 /* Resources */,
				C8CC19CC25EAADDB006F375C /* ShellScript */,
			);
			buildRules = (
			);
			dependencies = (
			);
			name = GBShop;
			packageProductDependencies = (
				C83355A825DB275F00205932 /* Alamofire */,
			);
			productName = GBShop;
			productReference = C824664925D4769C00D3B8E5 /* GBShop.app */;
			productType = "com.apple.product-type.application";
		};
		C824665E25D476A000D3B8E5 /* GBShopTests */ = {
			isa = PBXNativeTarget;
			buildConfigurationList = C824667625D476A000D3B8E5 /* Build configuration list for PBXNativeTarget "GBShopTests" */;
			buildPhases = (
				C824665B25D476A000D3B8E5 /* Sources */,
				C824665C25D476A000D3B8E5 /* Frameworks */,
				C824665D25D476A000D3B8E5 /* Resources */,
			);
			buildRules = (
			);
			dependencies = (
				C824666125D476A000D3B8E5 /* PBXTargetDependency */,
			);
			name = GBShopTests;
			productName = GBShopTests;
			productReference = C824665F25D476A000D3B8E5 /* GBShopTests.xctest */;
			productType = "com.apple.product-type.bundle.unit-test";
		};
		C824666925D476A000D3B8E5 /* GBShopUITests */ = {
			isa = PBXNativeTarget;
			buildConfigurationList = C824667925D476A000D3B8E5 /* Build configuration list for PBXNativeTarget "GBShopUITests" */;
			buildPhases = (
				C824666625D476A000D3B8E5 /* Sources */,
				C824666725D476A000D3B8E5 /* Frameworks */,
				C824666825D476A000D3B8E5 /* Resources */,
			);
			buildRules = (
			);
			dependencies = (
				C824666C25D476A000D3B8E5 /* PBXTargetDependency */,
			);
			name = GBShopUITests;
			productName = GBShopUITests;
			productReference = C824666A25D476A000D3B8E5 /* GBShopUITests.xctest */;
			productType = "com.apple.product-type.bundle.ui-testing";
		};
/* End PBXNativeTarget section */

/* Begin PBXProject section */
		C824664125D4769C00D3B8E5 /* Project object */ = {
			isa = PBXProject;
			attributes = {
				LastSwiftUpdateCheck = 1240;
				LastUpgradeCheck = 1240;
				TargetAttributes = {
					C824664825D4769C00D3B8E5 = {
						CreatedOnToolsVersion = 12.4;
					};
					C824665E25D476A000D3B8E5 = {
						CreatedOnToolsVersion = 12.4;
						TestTargetID = C824664825D4769C00D3B8E5;
					};
					C824666925D476A000D3B8E5 = {
						CreatedOnToolsVersion = 12.4;
						TestTargetID = C824664825D4769C00D3B8E5;
					};
				};
			};
			buildConfigurationList = C824664425D4769C00D3B8E5 /* Build configuration list for PBXProject "GBShop" */;
			compatibilityVersion = "Xcode 9.3";
			developmentRegion = en;
			hasScannedForEncodings = 0;
			knownRegions = (
				en,
				Base,
				ru,
			);
			mainGroup = C824664025D4769C00D3B8E5;
			packageReferences = (
				C83355A725DB275F00205932 /* XCRemoteSwiftPackageReference "Alamofire" */,
			);
			productRefGroup = C824664A25D4769C00D3B8E5 /* Products */;
			projectDirPath = "";
			projectRoot = "";
			targets = (
				C824664825D4769C00D3B8E5 /* GBShop */,
				C824665E25D476A000D3B8E5 /* GBShopTests */,
				C824666925D476A000D3B8E5 /* GBShopUITests */,
			);
		};
/* End PBXProject section */

/* Begin PBXResourcesBuildPhase section */
		C824664725D4769C00D3B8E5 /* Resources */ = {
			isa = PBXResourcesBuildPhase;
			buildActionMask = 2147483647;
			files = (
				C8CC19D125EAB65E006F375C /* .swiftlint.yml in Resources */,
				C8267EB125F7502900F2C8FE /* Localizable.strings in Resources */,
				C824665925D4769F00D3B8E5 /* LaunchScreen.storyboard in Resources */,
				C824665625D4769F00D3B8E5 /* Assets.xcassets in Resources */,
				C8267EBA25F7601C00F2C8FE /* InfoPlist.strings in Resources */,
			);
			runOnlyForDeploymentPostprocessing = 0;
		};
		C824665D25D476A000D3B8E5 /* Resources */ = {
			isa = PBXResourcesBuildPhase;
			buildActionMask = 2147483647;
			files = (
			);
			runOnlyForDeploymentPostprocessing = 0;
		};
		C824666825D476A000D3B8E5 /* Resources */ = {
			isa = PBXResourcesBuildPhase;
			buildActionMask = 2147483647;
			files = (
			);
			runOnlyForDeploymentPostprocessing = 0;
		};
/* End PBXResourcesBuildPhase section */

/* Begin PBXShellScriptBuildPhase section */
		C8CC19CC25EAADDB006F375C /* ShellScript */ = {
			isa = PBXShellScriptBuildPhase;
			buildActionMask = 2147483647;
			files = (
			);
			inputFileListPaths = (
			);
			inputPaths = (
			);
			outputFileListPaths = (
			);
			outputPaths = (
			);
			runOnlyForDeploymentPostprocessing = 0;
			shellPath = /bin/sh;
			shellScript = "# Type a script or drag a script file from your workspace to insert its path.\nif which swiftlint >/dev/null; then\n  # swiftlint autocorrect && swiftlint # Recomended settings for autocorrect but issue with no highlighting in code text\n  swiftlint # Settings with no autocorrect\nelse\n  echo \"warning: SwiftLint not installed, download from https://github.com/realm/SwiftLint\"\nfi\n";
		};
/* End PBXShellScriptBuildPhase section */

/* Begin PBXSourcesBuildPhase section */
		C824664525D4769C00D3B8E5 /* Sources */ = {
			isa = PBXSourcesBuildPhase;
			buildActionMask = 2147483647;
			files = (
				C8CC19E925EB907B006F375C /* ReviewListResult.swift in Sources */,
				C83355E225DCCCB500205932 /* User.swift in Sources */,
				C84A4A2D25F536BB00DAD5AE /* CartViewController.swift in Sources */,
				C83355CE25DCC8FE00205932 /* RequestFactory.swift in Sources */,
				C8267F0225FB529900F2C8FE /* AlertShowable+Extension.swift in Sources */,
				C8267ED425F887E300F2C8FE /* UIColor+Extensions.swift in Sources */,
				C833560F25DE761800205932 /* SignUpResult.swift in Sources */,
				C833563B25DEC45800205932 /* Logout.swift in Sources */,
				C83355C925DCC4F000205932 /* RequestRouter.swift in Sources */,
				C833569825E2956900205932 /* GetGoodById.swift in Sources */,
				C8F51D3B25EFFEA900D83AFE /* AddToBasketResult.swift in Sources */,
				C8CC19F925EB990C006F375C /* ReviewListRequestFactory.swift in Sources */,
				C833563625DEC44100205932 /* ChangeUserData.swift in Sources */,
				C8F51D6D25F0016C00D83AFE /* DeleteFromBasket.swift in Sources */,
				C824665125D4769C00D3B8E5 /* MainViewController.swift in Sources */,
				C8F51D4525EFFF1500D83AFE /* PayBasketResult.swift in Sources */,
				C8BB1C4E25F67A3F0000E8E6 /* ReviewViewController.swift in Sources */,
				C83355FC25DE466F00205932 /* SignUp.swift in Sources */,
				C8F51D6325F0013300D83AFE /* PayBasketRequestFactory.swift in Sources */,
				C83355BF25DCB61600205932 /* ResponseCodable.swift in Sources */,
				C83355DD25DCCBCF00205932 /* AbstractRequestFactory.swift in Sources */,
				C833569125E28E1200205932 /* GetGoodByIdResult.swift in Sources */,
				C83355F425DE462A00205932 /* SignUpRequestFactory.swift in Sources */,
				C824664D25D4769C00D3B8E5 /* AppDelegate.swift in Sources */,
				C84A4A3225F53B7800DAD5AE /* UserViewController.swift in Sources */,
				C8267ECD25F868F500F2C8FE /* UserView.swift in Sources */,
				C833562C25DEADF200205932 /* LogoutRequestFactory.swift in Sources */,
				C8CC1A1025EB99BB006F375C /* AddReviewRequestFactory.swift in Sources */,
				C8CC19FE25EB995A006F375C /* RemoveReview.swift in Sources */,
				C83355BA25DCB24100205932 /* SignInResult.swift in Sources */,
				C8D3D86E25F4D70E00AE6896 /* TabBarController.swift in Sources */,
				C833562125DEAA8C00205932 /* ChangeUserDataResult.swift in Sources */,
				C833568C25E2825A00205932 /* CatalogDataResult.swift in Sources */,
				C833563125DEAE1C00205932 /* ChangeUserDataRequestFactory.swift in Sources */,
				C83355D825DCCB2100205932 /* ErrorParser.swift in Sources */,
				C83356A725E2967000205932 /* GetGoodByIdRequestFactory.swift in Sources */,
				C833561C25DEAA4D00205932 /* LogoutResult.swift in Sources */,
				C8F51D7225F0018300D83AFE /* PayBasket.swift in Sources */,
				C8CC1A0325EB9979006F375C /* RemoveReviewRequestFactory.swift in Sources */,
				C8CC19F425EB98E1006F375C /* ReviewList.swift in Sources */,
				C833569D25E295DE00205932 /* CatalogData.swift in Sources */,
				C83355C425DCB91300205932 /* Auth.swift in Sources */,
				C8CC1A0825EB99A0006F375C /* AddReview.swift in Sources */,
				C8F51D5E25F0011000D83AFE /* DeleteFromBasketRequestFactory.swift in Sources */,
				C8F51D4025EFFEE200D83AFE /* DeleteFromBasketResult.swift in Sources */,
				C8267EDF25F90B6F00F2C8FE /* SignUpViewController.swift in Sources */,
				C8CC19E425EB8EE7006F375C /* RemoveReviewResult.swift in Sources */,
				C83355D325DCCA5100205932 /* AbstractErrorParser.swift in Sources */,
				C8F51D6825F0015100D83AFE /* AddToBasket.swift in Sources */,
				C84A4A2825F533B800DAD5AE /* SearchViewController.swift in Sources */,
				C83355B525DCB08E00205932 /* AuthRequestFactory.swift in Sources */,
				C8F51D5625F000EA00D83AFE /* AddToBasketRequestFactory.swift in Sources */,
				C824664F25D4769C00D3B8E5 /* SceneDelegate.swift in Sources */,
				C8267EE425F93C0E00F2C8FE /* SignUpView.swift in Sources */,
				C83356A225E2962D00205932 /* CatalogDataRequestFactory.swift in Sources */,
				C8267ED925F8880300F2C8FE /* UIFont+Extensions.swift in Sources */,
				C8CC19DF25EB8EB3006F375C /* AddReviewResult.swift in Sources */,
			);
			runOnlyForDeploymentPostprocessing = 0;
		};
		C824665B25D476A000D3B8E5 /* Sources */ = {
			isa = PBXSourcesBuildPhase;
			buildActionMask = 2147483647;
			files = (
				C83356AF25E2CE5E00205932 /* CatalogDataTests.swift in Sources */,
				C8B39B6925EC148900AE3F99 /* AddReviewTest.swift in Sources */,
				C833566725E17CE400205932 /* RequestFactoryTests.swift in Sources */,
				C8F51DE825F0C8D800D83AFE /* AddToBasketTest.swift in Sources */,
				C8B39B7325EC14CC00AE3F99 /* ReviewListTest.swift in Sources */,
				C833568125E2170200205932 /* LogoutTests.swift in Sources */,
				C8B39B6E25EC14AC00AE3F99 /* RemoveReviewTest.swift in Sources */,
				C833567C25E216D000205932 /* ChangeUserDataTests.swift in Sources */,
				C833567725E2169700205932 /* SignUpTests.swift in Sources */,
				C83356B425E2CE8D00205932 /* GetGoodByIdTests.swift in Sources */,
				C8F51DED25F0C90C00D83AFE /* DeleteFromBasketTest.swift in Sources */,
				C833566F25E2161000205932 /* AuthTests.swift in Sources */,
				C8F51DF225F0C92A00D83AFE /* PayBasketTest.swift in Sources */,
			);
			runOnlyForDeploymentPostprocessing = 0;
		};
		C824666625D476A000D3B8E5 /* Sources */ = {
			isa = PBXSourcesBuildPhase;
			buildActionMask = 2147483647;
			files = (
				C824666F25D476A000D3B8E5 /* GBShopUITests.swift in Sources */,
			);
			runOnlyForDeploymentPostprocessing = 0;
		};
/* End PBXSourcesBuildPhase section */

/* Begin PBXTargetDependency section */
		C824666125D476A000D3B8E5 /* PBXTargetDependency */ = {
			isa = PBXTargetDependency;
			target = C824664825D4769C00D3B8E5 /* GBShop */;
			targetProxy = C824666025D476A000D3B8E5 /* PBXContainerItemProxy */;
		};
		C824666C25D476A000D3B8E5 /* PBXTargetDependency */ = {
			isa = PBXTargetDependency;
			target = C824664825D4769C00D3B8E5 /* GBShop */;
			targetProxy = C824666B25D476A000D3B8E5 /* PBXContainerItemProxy */;
		};
/* End PBXTargetDependency section */

/* Begin PBXVariantGroup section */
		C824665725D4769F00D3B8E5 /* LaunchScreen.storyboard */ = {
			isa = PBXVariantGroup;
			children = (
				C824665825D4769F00D3B8E5 /* Base */,
				C8267EA825F74FA400F2C8FE /* ru */,
			);
			name = LaunchScreen.storyboard;
			sourceTree = "<group>";
		};
		C8267EB325F7502900F2C8FE /* Localizable.strings */ = {
			isa = PBXVariantGroup;
			children = (
				C8267EB225F7502900F2C8FE /* en */,
				C8267EB425F7502F00F2C8FE /* ru */,
			);
			name = Localizable.strings;
			sourceTree = "<group>";
		};
		C8267EB825F7601C00F2C8FE /* InfoPlist.strings */ = {
			isa = PBXVariantGroup;
			children = (
				C8267EB925F7601C00F2C8FE /* Base */,
				C8267EBE25F7602A00F2C8FE /* en */,
				C8267EBF25F7602C00F2C8FE /* ru */,
			);
			name = InfoPlist.strings;
			sourceTree = "<group>";
		};
/* End PBXVariantGroup section */

/* Begin XCBuildConfiguration section */
		C824667125D476A000D3B8E5 /* Debug */ = {
			isa = XCBuildConfiguration;
			buildSettings = {
				ALWAYS_SEARCH_USER_PATHS = NO;
				CLANG_ANALYZER_LOCALIZABILITY_NONLOCALIZED = YES;
				CLANG_ANALYZER_NONNULL = YES;
				CLANG_ANALYZER_NUMBER_OBJECT_CONVERSION = YES_AGGRESSIVE;
				CLANG_CXX_LANGUAGE_STANDARD = "gnu++14";
				CLANG_CXX_LIBRARY = "libc++";
				CLANG_ENABLE_MODULES = YES;
				CLANG_ENABLE_OBJC_ARC = YES;
				CLANG_ENABLE_OBJC_WEAK = YES;
				CLANG_WARN_BLOCK_CAPTURE_AUTORELEASING = YES;
				CLANG_WARN_BOOL_CONVERSION = YES;
				CLANG_WARN_COMMA = YES;
				CLANG_WARN_CONSTANT_CONVERSION = YES;
				CLANG_WARN_DEPRECATED_OBJC_IMPLEMENTATIONS = YES;
				CLANG_WARN_DIRECT_OBJC_ISA_USAGE = YES_ERROR;
				CLANG_WARN_DOCUMENTATION_COMMENTS = YES;
				CLANG_WARN_EMPTY_BODY = YES;
				CLANG_WARN_ENUM_CONVERSION = YES;
				CLANG_WARN_INFINITE_RECURSION = YES;
				CLANG_WARN_INT_CONVERSION = YES;
				CLANG_WARN_NON_LITERAL_NULL_CONVERSION = YES;
				CLANG_WARN_OBJC_IMPLICIT_RETAIN_SELF = YES;
				CLANG_WARN_OBJC_LITERAL_CONVERSION = YES;
				CLANG_WARN_OBJC_ROOT_CLASS = YES_ERROR;
				CLANG_WARN_QUOTED_INCLUDE_IN_FRAMEWORK_HEADER = YES;
				CLANG_WARN_RANGE_LOOP_ANALYSIS = YES;
				CLANG_WARN_STRICT_PROTOTYPES = YES;
				CLANG_WARN_SUSPICIOUS_MOVE = YES;
				CLANG_WARN_UNGUARDED_AVAILABILITY = YES_AGGRESSIVE;
				CLANG_WARN_UNREACHABLE_CODE = YES;
				CLANG_WARN__DUPLICATE_METHOD_MATCH = YES;
				COPY_PHASE_STRIP = NO;
				DEBUG_INFORMATION_FORMAT = dwarf;
				ENABLE_STRICT_OBJC_MSGSEND = YES;
				ENABLE_TESTABILITY = YES;
				GCC_C_LANGUAGE_STANDARD = gnu11;
				GCC_DYNAMIC_NO_PIC = NO;
				GCC_NO_COMMON_BLOCKS = YES;
				GCC_OPTIMIZATION_LEVEL = 0;
				GCC_PREPROCESSOR_DEFINITIONS = (
					"DEBUG=1",
					"$(inherited)",
				);
				GCC_WARN_64_TO_32_BIT_CONVERSION = YES;
				GCC_WARN_ABOUT_RETURN_TYPE = YES_ERROR;
				GCC_WARN_UNDECLARED_SELECTOR = YES;
				GCC_WARN_UNINITIALIZED_AUTOS = YES_AGGRESSIVE;
				GCC_WARN_UNUSED_FUNCTION = YES;
				GCC_WARN_UNUSED_VARIABLE = YES;
				IPHONEOS_DEPLOYMENT_TARGET = 14.4;
				MTL_ENABLE_DEBUG_INFO = INCLUDE_SOURCE;
				MTL_FAST_MATH = YES;
				ONLY_ACTIVE_ARCH = YES;
				SDKROOT = iphoneos;
				SWIFT_ACTIVE_COMPILATION_CONDITIONS = DEBUG;
				SWIFT_OPTIMIZATION_LEVEL = "-Onone";
			};
			name = Debug;
		};
		C824667225D476A000D3B8E5 /* Release */ = {
			isa = XCBuildConfiguration;
			buildSettings = {
				ALWAYS_SEARCH_USER_PATHS = NO;
				CLANG_ANALYZER_LOCALIZABILITY_NONLOCALIZED = YES;
				CLANG_ANALYZER_NONNULL = YES;
				CLANG_ANALYZER_NUMBER_OBJECT_CONVERSION = YES_AGGRESSIVE;
				CLANG_CXX_LANGUAGE_STANDARD = "gnu++14";
				CLANG_CXX_LIBRARY = "libc++";
				CLANG_ENABLE_MODULES = YES;
				CLANG_ENABLE_OBJC_ARC = YES;
				CLANG_ENABLE_OBJC_WEAK = YES;
				CLANG_WARN_BLOCK_CAPTURE_AUTORELEASING = YES;
				CLANG_WARN_BOOL_CONVERSION = YES;
				CLANG_WARN_COMMA = YES;
				CLANG_WARN_CONSTANT_CONVERSION = YES;
				CLANG_WARN_DEPRECATED_OBJC_IMPLEMENTATIONS = YES;
				CLANG_WARN_DIRECT_OBJC_ISA_USAGE = YES_ERROR;
				CLANG_WARN_DOCUMENTATION_COMMENTS = YES;
				CLANG_WARN_EMPTY_BODY = YES;
				CLANG_WARN_ENUM_CONVERSION = YES;
				CLANG_WARN_INFINITE_RECURSION = YES;
				CLANG_WARN_INT_CONVERSION = YES;
				CLANG_WARN_NON_LITERAL_NULL_CONVERSION = YES;
				CLANG_WARN_OBJC_IMPLICIT_RETAIN_SELF = YES;
				CLANG_WARN_OBJC_LITERAL_CONVERSION = YES;
				CLANG_WARN_OBJC_ROOT_CLASS = YES_ERROR;
				CLANG_WARN_QUOTED_INCLUDE_IN_FRAMEWORK_HEADER = YES;
				CLANG_WARN_RANGE_LOOP_ANALYSIS = YES;
				CLANG_WARN_STRICT_PROTOTYPES = YES;
				CLANG_WARN_SUSPICIOUS_MOVE = YES;
				CLANG_WARN_UNGUARDED_AVAILABILITY = YES_AGGRESSIVE;
				CLANG_WARN_UNREACHABLE_CODE = YES;
				CLANG_WARN__DUPLICATE_METHOD_MATCH = YES;
				COPY_PHASE_STRIP = NO;
				DEBUG_INFORMATION_FORMAT = "dwarf-with-dsym";
				ENABLE_NS_ASSERTIONS = NO;
				ENABLE_STRICT_OBJC_MSGSEND = YES;
				GCC_C_LANGUAGE_STANDARD = gnu11;
				GCC_NO_COMMON_BLOCKS = YES;
				GCC_WARN_64_TO_32_BIT_CONVERSION = YES;
				GCC_WARN_ABOUT_RETURN_TYPE = YES_ERROR;
				GCC_WARN_UNDECLARED_SELECTOR = YES;
				GCC_WARN_UNINITIALIZED_AUTOS = YES_AGGRESSIVE;
				GCC_WARN_UNUSED_FUNCTION = YES;
				GCC_WARN_UNUSED_VARIABLE = YES;
				IPHONEOS_DEPLOYMENT_TARGET = 14.4;
				MTL_ENABLE_DEBUG_INFO = NO;
				MTL_FAST_MATH = YES;
				SDKROOT = iphoneos;
				SWIFT_COMPILATION_MODE = wholemodule;
				SWIFT_OPTIMIZATION_LEVEL = "-O";
				VALIDATE_PRODUCT = YES;
			};
			name = Release;
		};
		C824667425D476A000D3B8E5 /* Debug */ = {
			isa = XCBuildConfiguration;
			buildSettings = {
				ASSETCATALOG_COMPILER_APPICON_NAME = AppIcon;
				ASSETCATALOG_COMPILER_GLOBAL_ACCENT_COLOR_NAME = AccentColor;
				CODE_SIGN_STYLE = Automatic;
				DEVELOPMENT_TEAM = G2Z4Y76PYN;
				INFOPLIST_FILE = GBShop/Enviroments/Info.plist;
				LD_RUNPATH_SEARCH_PATHS = (
					"$(inherited)",
					"@executable_path/Frameworks",
				);
				PRODUCT_BUNDLE_IDENTIFIER = rkolossov.GBShop;
				PRODUCT_NAME = "$(TARGET_NAME)";
				SWIFT_VERSION = 5.0;
				TARGETED_DEVICE_FAMILY = "1,2";
			};
			name = Debug;
		};
		C824667525D476A000D3B8E5 /* Release */ = {
			isa = XCBuildConfiguration;
			buildSettings = {
				ASSETCATALOG_COMPILER_APPICON_NAME = AppIcon;
				ASSETCATALOG_COMPILER_GLOBAL_ACCENT_COLOR_NAME = AccentColor;
				CODE_SIGN_STYLE = Automatic;
				DEVELOPMENT_TEAM = G2Z4Y76PYN;
				INFOPLIST_FILE = GBShop/Enviroments/Info.plist;
				LD_RUNPATH_SEARCH_PATHS = (
					"$(inherited)",
					"@executable_path/Frameworks",
				);
				PRODUCT_BUNDLE_IDENTIFIER = rkolossov.GBShop;
				PRODUCT_NAME = "$(TARGET_NAME)";
				SWIFT_VERSION = 5.0;
				TARGETED_DEVICE_FAMILY = "1,2";
			};
			name = Release;
		};
		C824667725D476A000D3B8E5 /* Debug */ = {
			isa = XCBuildConfiguration;
			buildSettings = {
				ALWAYS_EMBED_SWIFT_STANDARD_LIBRARIES = YES;
				BUNDLE_LOADER = "$(TEST_HOST)";
				CODE_SIGN_STYLE = Automatic;
				DEVELOPMENT_TEAM = G2Z4Y76PYN;
				INFOPLIST_FILE = GBShopTests/Info.plist;
				IPHONEOS_DEPLOYMENT_TARGET = 14.4;
				LD_RUNPATH_SEARCH_PATHS = (
					"$(inherited)",
					"@executable_path/Frameworks",
					"@loader_path/Frameworks",
				);
				PRODUCT_BUNDLE_IDENTIFIER = rkolossov.GBShopTests;
				PRODUCT_NAME = "$(TARGET_NAME)";
				SWIFT_VERSION = 5.0;
				TARGETED_DEVICE_FAMILY = "1,2";
				TEST_HOST = "$(BUILT_PRODUCTS_DIR)/GBShop.app/GBShop";
			};
			name = Debug;
		};
		C824667825D476A000D3B8E5 /* Release */ = {
			isa = XCBuildConfiguration;
			buildSettings = {
				ALWAYS_EMBED_SWIFT_STANDARD_LIBRARIES = YES;
				BUNDLE_LOADER = "$(TEST_HOST)";
				CODE_SIGN_STYLE = Automatic;
				DEVELOPMENT_TEAM = G2Z4Y76PYN;
				INFOPLIST_FILE = GBShopTests/Info.plist;
				IPHONEOS_DEPLOYMENT_TARGET = 14.4;
				LD_RUNPATH_SEARCH_PATHS = (
					"$(inherited)",
					"@executable_path/Frameworks",
					"@loader_path/Frameworks",
				);
				PRODUCT_BUNDLE_IDENTIFIER = rkolossov.GBShopTests;
				PRODUCT_NAME = "$(TARGET_NAME)";
				SWIFT_VERSION = 5.0;
				TARGETED_DEVICE_FAMILY = "1,2";
				TEST_HOST = "$(BUILT_PRODUCTS_DIR)/GBShop.app/GBShop";
			};
			name = Release;
		};
		C824667A25D476A000D3B8E5 /* Debug */ = {
			isa = XCBuildConfiguration;
			buildSettings = {
				ALWAYS_EMBED_SWIFT_STANDARD_LIBRARIES = YES;
				CODE_SIGN_STYLE = Automatic;
				DEVELOPMENT_TEAM = G2Z4Y76PYN;
				INFOPLIST_FILE = GBShopUITests/Info.plist;
				LD_RUNPATH_SEARCH_PATHS = (
					"$(inherited)",
					"@executable_path/Frameworks",
					"@loader_path/Frameworks",
				);
				PRODUCT_BUNDLE_IDENTIFIER = rkolossov.GBShopUITests;
				PRODUCT_NAME = "$(TARGET_NAME)";
				SWIFT_VERSION = 5.0;
				TARGETED_DEVICE_FAMILY = "1,2";
				TEST_TARGET_NAME = GBShop;
			};
			name = Debug;
		};
		C824667B25D476A000D3B8E5 /* Release */ = {
			isa = XCBuildConfiguration;
			buildSettings = {
				ALWAYS_EMBED_SWIFT_STANDARD_LIBRARIES = YES;
				CODE_SIGN_STYLE = Automatic;
				DEVELOPMENT_TEAM = G2Z4Y76PYN;
				INFOPLIST_FILE = GBShopUITests/Info.plist;
				LD_RUNPATH_SEARCH_PATHS = (
					"$(inherited)",
					"@executable_path/Frameworks",
					"@loader_path/Frameworks",
				);
				PRODUCT_BUNDLE_IDENTIFIER = rkolossov.GBShopUITests;
				PRODUCT_NAME = "$(TARGET_NAME)";
				SWIFT_VERSION = 5.0;
				TARGETED_DEVICE_FAMILY = "1,2";
				TEST_TARGET_NAME = GBShop;
			};
			name = Release;
		};
/* End XCBuildConfiguration section */

/* Begin XCConfigurationList section */
		C824664425D4769C00D3B8E5 /* Build configuration list for PBXProject "GBShop" */ = {
			isa = XCConfigurationList;
			buildConfigurations = (
				C824667125D476A000D3B8E5 /* Debug */,
				C824667225D476A000D3B8E5 /* Release */,
			);
			defaultConfigurationIsVisible = 0;
			defaultConfigurationName = Release;
		};
		C824667325D476A000D3B8E5 /* Build configuration list for PBXNativeTarget "GBShop" */ = {
			isa = XCConfigurationList;
			buildConfigurations = (
				C824667425D476A000D3B8E5 /* Debug */,
				C824667525D476A000D3B8E5 /* Release */,
			);
			defaultConfigurationIsVisible = 0;
			defaultConfigurationName = Release;
		};
		C824667625D476A000D3B8E5 /* Build configuration list for PBXNativeTarget "GBShopTests" */ = {
			isa = XCConfigurationList;
			buildConfigurations = (
				C824667725D476A000D3B8E5 /* Debug */,
				C824667825D476A000D3B8E5 /* Release */,
			);
			defaultConfigurationIsVisible = 0;
			defaultConfigurationName = Release;
		};
		C824667925D476A000D3B8E5 /* Build configuration list for PBXNativeTarget "GBShopUITests" */ = {
			isa = XCConfigurationList;
			buildConfigurations = (
				C824667A25D476A000D3B8E5 /* Debug */,
				C824667B25D476A000D3B8E5 /* Release */,
			);
			defaultConfigurationIsVisible = 0;
			defaultConfigurationName = Release;
		};
/* End XCConfigurationList section */

/* Begin XCRemoteSwiftPackageReference section */
		C83355A725DB275F00205932 /* XCRemoteSwiftPackageReference "Alamofire" */ = {
			isa = XCRemoteSwiftPackageReference;
			repositoryURL = "https://github.com/Alamofire/Alamofire.git";
			requirement = {
				kind = upToNextMajorVersion;
				minimumVersion = 5.4.1;
			};
		};
/* End XCRemoteSwiftPackageReference section */

/* Begin XCSwiftPackageProductDependency section */
		C83355A825DB275F00205932 /* Alamofire */ = {
			isa = XCSwiftPackageProductDependency;
			package = C83355A725DB275F00205932 /* XCRemoteSwiftPackageReference "Alamofire" */;
			productName = Alamofire;
		};
/* End XCSwiftPackageProductDependency section */
	};
	rootObject = C824664125D4769C00D3B8E5 /* Project object */;
}
